
Microsoft Visual Studio Solution File, Format Version 12.00
# Visual Studio Version 17
VisualStudioVersion = 17.0.31919.166
MinimumVisualStudioVersion = 10.0.40219.1
Project("{9A19103F-16F7-4668-BE54-9A1E7A4F7556}") = "RLE", "RLE\RLE.csproj", "{AEC1FDC4-C4D9-4B73-A09F-AEC143A89740}"
EndProject
Project("{9A19103F-16F7-4668-BE54-9A1E7A4F7556}") = "maskify", "maskify\maskify.csproj", "{39594954-215F-45C2-A15F-3A107B981C15}"
EndProject
Project("{9A19103F-16F7-4668-BE54-9A1E7A4F7556}") = "Morze", "Morze\Morze.csproj", "{E0AB21F0-5943-4B81-AA8D-936CDBFC54F1}"
EndProject
Project("{9A19103F-16F7-4668-BE54-9A1E7A4F7556}") = "AddBinary", "AddBinary\AddBinary.csproj", "{03BBCA10-1D0D-4100-967F-C29480B33F57}"
EndProject
Project("{9A19103F-16F7-4668-BE54-9A1E7A4F7556}") = "Human Readable Time", "Human Readable Time\Human Readable Time.csproj", "{02BF1EB1-A5EE-4EEB-8608-0229A2FED63E}"
EndProject
Project("{9A19103F-16F7-4668-BE54-9A1E7A4F7556}") = "100", "100\100.csproj", "{E034A6A0-C665-4418-A864-C666AEE5D3F9}"
EndProject
Project("{9A19103F-16F7-4668-BE54-9A1E7A4F7556}") = "dataplay", "dataplay\dataplay.csproj", "{B0F8310D-AF4C-4B72-834B-96F050586613}"
EndProject
Project("{9A19103F-16F7-4668-BE54-9A1E7A4F7556}") = "Krknvox", "Krknvox\Krknvox.csproj", "{20A99A75-D1B5-43AC-9A80-A4B3FDB1D2E2}"
EndProject
Project("{9A19103F-16F7-4668-BE54-9A1E7A4F7556}") = "Tasks", "Tasks\Tasks.csproj", "{86F4B79A-4AE5-4B9D-A7BA-4105C32BD455}"
EndProject
Project("{9A19103F-16F7-4668-BE54-9A1E7A4F7556}") = "Strings", "Strings\Strings.csproj", "{BFED2C89-0AD5-401D-B269-7C0CE4A081A1}"
EndProject
Project("{9A19103F-16F7-4668-BE54-9A1E7A4F7556}") = "Select", "Select\Select.csproj", "{600AE84F-FEF4-432B-8FB2-98484BA2B42D}"
EndProject
Project("{9A19103F-16F7-4668-BE54-9A1E7A4F7556}") = "2DArray", "2DArray\2DArray.csproj", "{CBF75E7D-72AE-467D-B363-60028868220E}"
EndProject
Project("{9A19103F-16F7-4668-BE54-9A1E7A4F7556}") = "Frog", "Frog\Frog.csproj", "{4E7E3244-FB54-4580-91DD-A6ECC54FE6BC}"
EndProject
Project("{9A19103F-16F7-4668-BE54-9A1E7A4F7556}") = "DigitDifferenceSort", "DigitDifferenceSort\DigitDifferenceSort.csproj", "{EF959C70-17AA-4FD5-B726-7CF4638E3F25}"
EndProject
Project("{9A19103F-16F7-4668-BE54-9A1E7A4F7556}") = "Word a10n (abbreviation)", "Word a10n (abbreviation)\Word a10n (abbreviation).csproj", "{FAADEDE4-C708-411A-913F-B5366EE59A5B}"
EndProject
Project("{9A19103F-16F7-4668-BE54-9A1E7A4F7556}") = "AllCharIndexesInString", "AllCharIndexesInString\AllCharIndexesInString.csproj", "{1CE2B9C5-10DA-4909-BAFE-2F9AC5A1D43F}"
EndProject
Project("{9A19103F-16F7-4668-BE54-9A1E7A4F7556}") = "Detect Pangram", "Detect Pangram\Detect Pangram.csproj", "{D7D2421E-BCC8-4B1D-9CF1-9634274C3F81}"
EndProject
Project("{9A19103F-16F7-4668-BE54-9A1E7A4F7556}") = "Orderr", "Orderr\Orderr.csproj", "{C202F869-3FBD-43D5-9700-B658D0F87334}"
EndProject
Project("{9A19103F-16F7-4668-BE54-9A1E7A4F7556}") = "SortTheOdd", "SortTheOdd\SortTheOdd.csproj", "{8986F523-323E-4318-ADD7-C38B4A5DF21E}"
EndProject
Project("{9A19103F-16F7-4668-BE54-9A1E7A4F7556}") = "Highest Scoring Word", "Highest Scoring Word\Highest Scoring Word.csproj", "{03F65D8E-B98F-4D85-9044-1CE23E148F25}"
EndProject
Project("{9A19103F-16F7-4668-BE54-9A1E7A4F7556}") = "Camel Case", "Camel Case\Camel Case.csproj", "{22CD9E0F-618B-4CD6-A3B1-49D040835BF4}"
EndProject
Project("{9A19103F-16F7-4668-BE54-9A1E7A4F7556}") = "bytetoascii", "bytetoascii\bytetoascii.csproj", "{847F689B-5F6A-42F3-A9AF-57D677D7C1E8}"
EndProject
Project("{9A19103F-16F7-4668-BE54-9A1E7A4F7556}") = "IsAnagram", "IsAnagram\IsAnagram.csproj", "{55B1E986-BB21-4A93-A46E-946F1F7FB390}"
EndProject
Project("{9A19103F-16F7-4668-BE54-9A1E7A4F7556}") = "CountPrimeSetBits", "CountPrimeSetBits\CountPrimeSetBits.csproj", "{413CE5F2-8378-4AC8-B087-7B9E3E35E97A}"
EndProject
Project("{9A19103F-16F7-4668-BE54-9A1E7A4F7556}") = "Smile Face", "Smile Face\Smile Face.csproj", "{A8A00542-34AB-450C-828A-6E54F7449400}"
EndProject
Project("{9A19103F-16F7-4668-BE54-9A1E7A4F7556}") = "Rgb to Hex", "Rgb to Hex\Rgb to Hex.csproj", "{B231FB0C-CE44-4C4B-B42A-519C68A3A738}"
EndProject
Project("{9A19103F-16F7-4668-BE54-9A1E7A4F7556}") = "Merged String Checker", "Merged String Checker\Merged String Checker.csproj", "{707D841C-24F3-483C-8F55-9DC31800AA2C}"
EndProject
Project("{9A19103F-16F7-4668-BE54-9A1E7A4F7556}") = "IsAngarmForList", "IsAngarmForList\IsAngarmForList.csproj", "{CCB53F00-7DCB-41BC-B7BE-1A6EE7CE456F}"
EndProject
Project("{9A19103F-16F7-4668-BE54-9A1E7A4F7556}") = "Square", "Square\Square.csproj", "{33A96134-2381-49BF-834E-D69AE6271567}"
EndProject
Project("{9A19103F-16F7-4668-BE54-9A1E7A4F7556}") = "Fibonacci N", "Fibonacci N\Fibonacci N.csproj", "{E89B22A0-F55F-447B-A1B0-97C7494A96BD}"
EndProject
Project("{FAE04EC0-301F-11D3-BF4B-00C04F79EFBC}") = "ByteToImage", "ByteToImage\ByteToImage.csproj", "{C20FA701-FF8A-4896-ABB6-2F3A77246C88}"
EndProject
Project("{9A19103F-16F7-4668-BE54-9A1E7A4F7556}") = "Fibonacci", "Fibonacci\Fibonacci.csproj", "{688F30C2-DC6A-4283-9C9A-6EE2B9624812}"
EndProject
Project("{9A19103F-16F7-4668-BE54-9A1E7A4F7556}") = "Sum Strings as Numbers", "Sum Strings as Numbers\Sum Strings as Numbers.csproj", "{34A8FB84-F720-4382-80A3-1A92348D011E}"
EndProject
Project("{9A19103F-16F7-4668-BE54-9A1E7A4F7556}") = "ParseAndConvertComparer", "ParseAndConvertComparer\ParseAndConvertComparer.csproj", "{D852ED2A-F29C-4EE8-A998-F0FB2435FE01}"
EndProject
Project("{9A19103F-16F7-4668-BE54-9A1E7A4F7556}") = "Agggregate", "Agggregate\Agggregate.csproj", "{4166BD5E-4CA5-433E-A6A2-2313D28B943F}"
EndProject
Project("{9A19103F-16F7-4668-BE54-9A1E7A4F7556}") = "Lambdas", "Lambdas\Lambdas.csproj", "{C61A8F73-0311-4598-887A-019ED0E52016}"
EndProject
Project("{9A19103F-16F7-4668-BE54-9A1E7A4F7556}") = "calimoverview", "calimoverview\calimoverview.csproj", "{357E482A-2C4A-4133-940D-5944A6F1329F}"
EndProject
Project("{9A19103F-16F7-4668-BE54-9A1E7A4F7556}") = "comma symbol", "comma symbol\comma symbol.csproj", "{899E9DC5-F104-442A-8546-8B770537A07A}"
EndProject
Project("{9A19103F-16F7-4668-BE54-9A1E7A4F7556}") = "Testing-1-2-3", "Testing-1-2-3\Testing-1-2-3.csproj", "{0DAF958F-61E4-45A0-9103-1808F0669B84}"
EndProject
Project("{9A19103F-16F7-4668-BE54-9A1E7A4F7556}") = "ExpandedForm", "ExpandedForm\ExpandedForm.csproj", "{4A2E81A4-FA38-4B33-96BE-E91490BD2D8A}"
EndProject
Project("{9A19103F-16F7-4668-BE54-9A1E7A4F7556}") = "GetUnique", "GetUnique\GetUnique.csproj", "{B14E3A03-3A66-4E90-833E-4245EC5EB5F4}"
EndProject
Project("{9A19103F-16F7-4668-BE54-9A1E7A4F7556}") = "PrintListElementsWithoutLoop", "PrintListElementsWithoutLoop\PrintListElementsWithoutLoop.csproj", "{BD31E82A-341C-41CD-9186-09135D1A37A8}"
EndProject
Project("{9A19103F-16F7-4668-BE54-9A1E7A4F7556}") = "QanakaiQarakusi", "QanakaiQarakusi\QanakaiQarakusi.csproj", "{F1BB9B9C-05CA-46BF-902F-3069837FED32}"
EndProject
Project("{9A19103F-16F7-4668-BE54-9A1E7A4F7556}") = "Permutations", "Permutations\Permutations.csproj", "{D39A00E9-A948-4759-B91B-0FC202179698}"
EndProject
Project("{9A19103F-16F7-4668-BE54-9A1E7A4F7556}") = "Ternary Operator", "Ternary Operator\Ternary Operator.csproj", "{649F6FAD-579C-4E9A-BE0C-003550ED59E5}"
EndProject
Project("{9A19103F-16F7-4668-BE54-9A1E7A4F7556}") = "ROT13", "ROT13\ROT13.csproj", "{D4582752-E519-4D5C-9A2F-929B393AA456}"
EndProject
Project("{9A19103F-16F7-4668-BE54-9A1E7A4F7556}") = "Unique In Order", "Unique In Order\Unique In Order.csproj", "{AB457C85-0A37-4CE4-90C8-7BF45C7201E5}"
EndProject
Project("{9A19103F-16F7-4668-BE54-9A1E7A4F7556}") = "ArrayDiff", "ArrayDiff\ArrayDiff.csproj", "{FE201FD4-8143-4459-9EFE-D8301A7474FE}"
EndProject
Project("{9A19103F-16F7-4668-BE54-9A1E7A4F7556}") = "Length Of Missing Array", "Length Of Missing Array\Length Of Missing Array.csproj", "{49451AD8-BEB8-47E9-B39B-65AEE9FBAF3B}"
EndProject
Project("{9A19103F-16F7-4668-BE54-9A1E7A4F7556}") = "Clean-up ListT  by most often", "Clean-up ListT  by most often\Clean-up ListT  by most often.csproj", "{BFA84703-97C8-4E60-BE79-C1E667A0F55E}"
EndProject
Project("{9A19103F-16F7-4668-BE54-9A1E7A4F7556}") = "Regexx", "Regexx\Regexx.csproj", "{B20981CE-19F7-4FF1-BDCA-940FD9CB7083}"
EndProject
Project("{9A19103F-16F7-4668-BE54-9A1E7A4F7556}") = "ExcelChartCreate", "ExcelChartCreate\ExcelChartCreate.csproj", "{21714F14-34F5-4E99-84BC-3A6C47620961}"
EndProject
Project("{FAE04EC0-301F-11D3-BF4B-00C04F79EFBC}") = "ExcelCreateNetFramework", "ExcelCreateNetFramework\ExcelCreateNetFramework.csproj", "{82064A44-AF09-48ED-AC5A-33BA3D9E0598}"
EndProject
Project("{FAE04EC0-301F-11D3-BF4B-00C04F79EFBC}") = "DevExpressExcel", "DevExpressExcel\DevExpressExcel.csproj", "{925ADC80-CC05-48D7-932E-3367321602E2}"
EndProject
Project("{FAE04EC0-301F-11D3-BF4B-00C04F79EFBC}") = "SelectNonNullValuesFromObject", "SelectNonNullValuesFromObject\SelectNonNullValuesFromObject.csproj", "{EC02A36D-6576-41B6-B70F-65725B2EA611}"
EndProject
Project("{FAE04EC0-301F-11D3-BF4B-00C04F79EFBC}") = "1ic100kent", "1ic100kent\1ic100kent.csproj", "{9C2D61D2-FE28-4AD0-97D6-D6AAE8F11E59}"
EndProject
Global
	GlobalSection(SolutionConfigurationPlatforms) = preSolution
		Debug|Any CPU = Debug|Any CPU
		Release|Any CPU = Release|Any CPU
	EndGlobalSection
	GlobalSection(ProjectConfigurationPlatforms) = postSolution
		{AEC1FDC4-C4D9-4B73-A09F-AEC143A89740}.Debug|Any CPU.ActiveCfg = Debug|Any CPU
		{AEC1FDC4-C4D9-4B73-A09F-AEC143A89740}.Debug|Any CPU.Build.0 = Debug|Any CPU
		{AEC1FDC4-C4D9-4B73-A09F-AEC143A89740}.Release|Any CPU.ActiveCfg = Release|Any CPU
		{AEC1FDC4-C4D9-4B73-A09F-AEC143A89740}.Release|Any CPU.Build.0 = Release|Any CPU
		{39594954-215F-45C2-A15F-3A107B981C15}.Debug|Any CPU.ActiveCfg = Debug|Any CPU
		{39594954-215F-45C2-A15F-3A107B981C15}.Debug|Any CPU.Build.0 = Debug|Any CPU
		{39594954-215F-45C2-A15F-3A107B981C15}.Release|Any CPU.ActiveCfg = Release|Any CPU
		{39594954-215F-45C2-A15F-3A107B981C15}.Release|Any CPU.Build.0 = Release|Any CPU
		{E0AB21F0-5943-4B81-AA8D-936CDBFC54F1}.Debug|Any CPU.ActiveCfg = Debug|Any CPU
		{E0AB21F0-5943-4B81-AA8D-936CDBFC54F1}.Debug|Any CPU.Build.0 = Debug|Any CPU
		{E0AB21F0-5943-4B81-AA8D-936CDBFC54F1}.Release|Any CPU.ActiveCfg = Release|Any CPU
		{E0AB21F0-5943-4B81-AA8D-936CDBFC54F1}.Release|Any CPU.Build.0 = Release|Any CPU
		{03BBCA10-1D0D-4100-967F-C29480B33F57}.Debug|Any CPU.ActiveCfg = Debug|Any CPU
		{03BBCA10-1D0D-4100-967F-C29480B33F57}.Debug|Any CPU.Build.0 = Debug|Any CPU
		{03BBCA10-1D0D-4100-967F-C29480B33F57}.Release|Any CPU.ActiveCfg = Release|Any CPU
		{03BBCA10-1D0D-4100-967F-C29480B33F57}.Release|Any CPU.Build.0 = Release|Any CPU
		{02BF1EB1-A5EE-4EEB-8608-0229A2FED63E}.Debug|Any CPU.ActiveCfg = Debug|Any CPU
		{02BF1EB1-A5EE-4EEB-8608-0229A2FED63E}.Debug|Any CPU.Build.0 = Debug|Any CPU
		{02BF1EB1-A5EE-4EEB-8608-0229A2FED63E}.Release|Any CPU.ActiveCfg = Release|Any CPU
		{02BF1EB1-A5EE-4EEB-8608-0229A2FED63E}.Release|Any CPU.Build.0 = Release|Any CPU
		{E034A6A0-C665-4418-A864-C666AEE5D3F9}.Debug|Any CPU.ActiveCfg = Debug|Any CPU
		{E034A6A0-C665-4418-A864-C666AEE5D3F9}.Debug|Any CPU.Build.0 = Debug|Any CPU
		{E034A6A0-C665-4418-A864-C666AEE5D3F9}.Release|Any CPU.ActiveCfg = Release|Any CPU
		{E034A6A0-C665-4418-A864-C666AEE5D3F9}.Release|Any CPU.Build.0 = Release|Any CPU
		{B0F8310D-AF4C-4B72-834B-96F050586613}.Debug|Any CPU.ActiveCfg = Debug|Any CPU
		{B0F8310D-AF4C-4B72-834B-96F050586613}.Debug|Any CPU.Build.0 = Debug|Any CPU
		{B0F8310D-AF4C-4B72-834B-96F050586613}.Release|Any CPU.ActiveCfg = Release|Any CPU
		{B0F8310D-AF4C-4B72-834B-96F050586613}.Release|Any CPU.Build.0 = Release|Any CPU
		{20A99A75-D1B5-43AC-9A80-A4B3FDB1D2E2}.Debug|Any CPU.ActiveCfg = Debug|Any CPU
		{20A99A75-D1B5-43AC-9A80-A4B3FDB1D2E2}.Debug|Any CPU.Build.0 = Debug|Any CPU
		{20A99A75-D1B5-43AC-9A80-A4B3FDB1D2E2}.Release|Any CPU.ActiveCfg = Release|Any CPU
		{20A99A75-D1B5-43AC-9A80-A4B3FDB1D2E2}.Release|Any CPU.Build.0 = Release|Any CPU
		{86F4B79A-4AE5-4B9D-A7BA-4105C32BD455}.Debug|Any CPU.ActiveCfg = Debug|Any CPU
		{86F4B79A-4AE5-4B9D-A7BA-4105C32BD455}.Debug|Any CPU.Build.0 = Debug|Any CPU
		{86F4B79A-4AE5-4B9D-A7BA-4105C32BD455}.Release|Any CPU.ActiveCfg = Release|Any CPU
		{86F4B79A-4AE5-4B9D-A7BA-4105C32BD455}.Release|Any CPU.Build.0 = Release|Any CPU
		{BFED2C89-0AD5-401D-B269-7C0CE4A081A1}.Debug|Any CPU.ActiveCfg = Debug|Any CPU
		{BFED2C89-0AD5-401D-B269-7C0CE4A081A1}.Debug|Any CPU.Build.0 = Debug|Any CPU
		{BFED2C89-0AD5-401D-B269-7C0CE4A081A1}.Release|Any CPU.ActiveCfg = Release|Any CPU
		{BFED2C89-0AD5-401D-B269-7C0CE4A081A1}.Release|Any CPU.Build.0 = Release|Any CPU
		{600AE84F-FEF4-432B-8FB2-98484BA2B42D}.Debug|Any CPU.ActiveCfg = Debug|Any CPU
		{600AE84F-FEF4-432B-8FB2-98484BA2B42D}.Debug|Any CPU.Build.0 = Debug|Any CPU
		{600AE84F-FEF4-432B-8FB2-98484BA2B42D}.Release|Any CPU.ActiveCfg = Release|Any CPU
		{600AE84F-FEF4-432B-8FB2-98484BA2B42D}.Release|Any CPU.Build.0 = Release|Any CPU
		{CBF75E7D-72AE-467D-B363-60028868220E}.Debug|Any CPU.ActiveCfg = Debug|Any CPU
		{CBF75E7D-72AE-467D-B363-60028868220E}.Debug|Any CPU.Build.0 = Debug|Any CPU
		{CBF75E7D-72AE-467D-B363-60028868220E}.Release|Any CPU.ActiveCfg = Release|Any CPU
		{CBF75E7D-72AE-467D-B363-60028868220E}.Release|Any CPU.Build.0 = Release|Any CPU
		{4E7E3244-FB54-4580-91DD-A6ECC54FE6BC}.Debug|Any CPU.ActiveCfg = Debug|Any CPU
		{4E7E3244-FB54-4580-91DD-A6ECC54FE6BC}.Debug|Any CPU.Build.0 = Debug|Any CPU
		{4E7E3244-FB54-4580-91DD-A6ECC54FE6BC}.Release|Any CPU.ActiveCfg = Release|Any CPU
		{4E7E3244-FB54-4580-91DD-A6ECC54FE6BC}.Release|Any CPU.Build.0 = Release|Any CPU
		{EF959C70-17AA-4FD5-B726-7CF4638E3F25}.Debug|Any CPU.ActiveCfg = Debug|Any CPU
		{EF959C70-17AA-4FD5-B726-7CF4638E3F25}.Debug|Any CPU.Build.0 = Debug|Any CPU
		{EF959C70-17AA-4FD5-B726-7CF4638E3F25}.Release|Any CPU.ActiveCfg = Release|Any CPU
		{EF959C70-17AA-4FD5-B726-7CF4638E3F25}.Release|Any CPU.Build.0 = Release|Any CPU
		{FAADEDE4-C708-411A-913F-B5366EE59A5B}.Debug|Any CPU.ActiveCfg = Debug|Any CPU
		{FAADEDE4-C708-411A-913F-B5366EE59A5B}.Debug|Any CPU.Build.0 = Debug|Any CPU
		{FAADEDE4-C708-411A-913F-B5366EE59A5B}.Release|Any CPU.ActiveCfg = Release|Any CPU
		{FAADEDE4-C708-411A-913F-B5366EE59A5B}.Release|Any CPU.Build.0 = Release|Any CPU
		{1CE2B9C5-10DA-4909-BAFE-2F9AC5A1D43F}.Debug|Any CPU.ActiveCfg = Debug|Any CPU
		{1CE2B9C5-10DA-4909-BAFE-2F9AC5A1D43F}.Debug|Any CPU.Build.0 = Debug|Any CPU
		{1CE2B9C5-10DA-4909-BAFE-2F9AC5A1D43F}.Release|Any CPU.ActiveCfg = Release|Any CPU
		{1CE2B9C5-10DA-4909-BAFE-2F9AC5A1D43F}.Release|Any CPU.Build.0 = Release|Any CPU
		{D7D2421E-BCC8-4B1D-9CF1-9634274C3F81}.Debug|Any CPU.ActiveCfg = Debug|Any CPU
		{D7D2421E-BCC8-4B1D-9CF1-9634274C3F81}.Debug|Any CPU.Build.0 = Debug|Any CPU
		{D7D2421E-BCC8-4B1D-9CF1-9634274C3F81}.Release|Any CPU.ActiveCfg = Release|Any CPU
		{D7D2421E-BCC8-4B1D-9CF1-9634274C3F81}.Release|Any CPU.Build.0 = Release|Any CPU
		{C202F869-3FBD-43D5-9700-B658D0F87334}.Debug|Any CPU.ActiveCfg = Debug|Any CPU
		{C202F869-3FBD-43D5-9700-B658D0F87334}.Debug|Any CPU.Build.0 = Debug|Any CPU
		{C202F869-3FBD-43D5-9700-B658D0F87334}.Release|Any CPU.ActiveCfg = Release|Any CPU
		{C202F869-3FBD-43D5-9700-B658D0F87334}.Release|Any CPU.Build.0 = Release|Any CPU
		{8986F523-323E-4318-ADD7-C38B4A5DF21E}.Debug|Any CPU.ActiveCfg = Debug|Any CPU
		{8986F523-323E-4318-ADD7-C38B4A5DF21E}.Debug|Any CPU.Build.0 = Debug|Any CPU
		{8986F523-323E-4318-ADD7-C38B4A5DF21E}.Release|Any CPU.ActiveCfg = Release|Any CPU
		{8986F523-323E-4318-ADD7-C38B4A5DF21E}.Release|Any CPU.Build.0 = Release|Any CPU
		{03F65D8E-B98F-4D85-9044-1CE23E148F25}.Debug|Any CPU.ActiveCfg = Debug|Any CPU
		{03F65D8E-B98F-4D85-9044-1CE23E148F25}.Debug|Any CPU.Build.0 = Debug|Any CPU
		{03F65D8E-B98F-4D85-9044-1CE23E148F25}.Release|Any CPU.ActiveCfg = Release|Any CPU
		{03F65D8E-B98F-4D85-9044-1CE23E148F25}.Release|Any CPU.Build.0 = Release|Any CPU
		{22CD9E0F-618B-4CD6-A3B1-49D040835BF4}.Debug|Any CPU.ActiveCfg = Debug|Any CPU
		{22CD9E0F-618B-4CD6-A3B1-49D040835BF4}.Debug|Any CPU.Build.0 = Debug|Any CPU
		{22CD9E0F-618B-4CD6-A3B1-49D040835BF4}.Release|Any CPU.ActiveCfg = Release|Any CPU
		{22CD9E0F-618B-4CD6-A3B1-49D040835BF4}.Release|Any CPU.Build.0 = Release|Any CPU
		{847F689B-5F6A-42F3-A9AF-57D677D7C1E8}.Debug|Any CPU.ActiveCfg = Debug|Any CPU
		{847F689B-5F6A-42F3-A9AF-57D677D7C1E8}.Debug|Any CPU.Build.0 = Debug|Any CPU
		{847F689B-5F6A-42F3-A9AF-57D677D7C1E8}.Release|Any CPU.ActiveCfg = Release|Any CPU
		{847F689B-5F6A-42F3-A9AF-57D677D7C1E8}.Release|Any CPU.Build.0 = Release|Any CPU
		{55B1E986-BB21-4A93-A46E-946F1F7FB390}.Debug|Any CPU.ActiveCfg = Debug|Any CPU
		{55B1E986-BB21-4A93-A46E-946F1F7FB390}.Debug|Any CPU.Build.0 = Debug|Any CPU
		{55B1E986-BB21-4A93-A46E-946F1F7FB390}.Release|Any CPU.ActiveCfg = Release|Any CPU
		{55B1E986-BB21-4A93-A46E-946F1F7FB390}.Release|Any CPU.Build.0 = Release|Any CPU
		{413CE5F2-8378-4AC8-B087-7B9E3E35E97A}.Debug|Any CPU.ActiveCfg = Debug|Any CPU
		{413CE5F2-8378-4AC8-B087-7B9E3E35E97A}.Debug|Any CPU.Build.0 = Debug|Any CPU
		{413CE5F2-8378-4AC8-B087-7B9E3E35E97A}.Release|Any CPU.ActiveCfg = Release|Any CPU
		{413CE5F2-8378-4AC8-B087-7B9E3E35E97A}.Release|Any CPU.Build.0 = Release|Any CPU
		{A8A00542-34AB-450C-828A-6E54F7449400}.Debug|Any CPU.ActiveCfg = Debug|Any CPU
		{A8A00542-34AB-450C-828A-6E54F7449400}.Debug|Any CPU.Build.0 = Debug|Any CPU
		{A8A00542-34AB-450C-828A-6E54F7449400}.Release|Any CPU.ActiveCfg = Release|Any CPU
		{A8A00542-34AB-450C-828A-6E54F7449400}.Release|Any CPU.Build.0 = Release|Any CPU
		{B231FB0C-CE44-4C4B-B42A-519C68A3A738}.Debug|Any CPU.ActiveCfg = Debug|Any CPU
		{B231FB0C-CE44-4C4B-B42A-519C68A3A738}.Debug|Any CPU.Build.0 = Debug|Any CPU
		{B231FB0C-CE44-4C4B-B42A-519C68A3A738}.Release|Any CPU.ActiveCfg = Release|Any CPU
		{B231FB0C-CE44-4C4B-B42A-519C68A3A738}.Release|Any CPU.Build.0 = Release|Any CPU
		{707D841C-24F3-483C-8F55-9DC31800AA2C}.Debug|Any CPU.ActiveCfg = Debug|Any CPU
		{707D841C-24F3-483C-8F55-9DC31800AA2C}.Debug|Any CPU.Build.0 = Debug|Any CPU
		{707D841C-24F3-483C-8F55-9DC31800AA2C}.Release|Any CPU.ActiveCfg = Release|Any CPU
		{707D841C-24F3-483C-8F55-9DC31800AA2C}.Release|Any CPU.Build.0 = Release|Any CPU
		{CCB53F00-7DCB-41BC-B7BE-1A6EE7CE456F}.Debug|Any CPU.ActiveCfg = Debug|Any CPU
		{CCB53F00-7DCB-41BC-B7BE-1A6EE7CE456F}.Debug|Any CPU.Build.0 = Debug|Any CPU
		{CCB53F00-7DCB-41BC-B7BE-1A6EE7CE456F}.Release|Any CPU.ActiveCfg = Release|Any CPU
		{CCB53F00-7DCB-41BC-B7BE-1A6EE7CE456F}.Release|Any CPU.Build.0 = Release|Any CPU
		{33A96134-2381-49BF-834E-D69AE6271567}.Debug|Any CPU.ActiveCfg = Debug|Any CPU
		{33A96134-2381-49BF-834E-D69AE6271567}.Debug|Any CPU.Build.0 = Debug|Any CPU
		{33A96134-2381-49BF-834E-D69AE6271567}.Release|Any CPU.ActiveCfg = Release|Any CPU
		{33A96134-2381-49BF-834E-D69AE6271567}.Release|Any CPU.Build.0 = Release|Any CPU
		{E89B22A0-F55F-447B-A1B0-97C7494A96BD}.Debug|Any CPU.ActiveCfg = Debug|Any CPU
		{E89B22A0-F55F-447B-A1B0-97C7494A96BD}.Debug|Any CPU.Build.0 = Debug|Any CPU
		{E89B22A0-F55F-447B-A1B0-97C7494A96BD}.Release|Any CPU.ActiveCfg = Release|Any CPU
		{E89B22A0-F55F-447B-A1B0-97C7494A96BD}.Release|Any CPU.Build.0 = Release|Any CPU
		{C20FA701-FF8A-4896-ABB6-2F3A77246C88}.Debug|Any CPU.ActiveCfg = Debug|Any CPU
		{C20FA701-FF8A-4896-ABB6-2F3A77246C88}.Debug|Any CPU.Build.0 = Debug|Any CPU
		{C20FA701-FF8A-4896-ABB6-2F3A77246C88}.Release|Any CPU.ActiveCfg = Release|Any CPU
		{C20FA701-FF8A-4896-ABB6-2F3A77246C88}.Release|Any CPU.Build.0 = Release|Any CPU
		{688F30C2-DC6A-4283-9C9A-6EE2B9624812}.Debug|Any CPU.ActiveCfg = Debug|Any CPU
		{688F30C2-DC6A-4283-9C9A-6EE2B9624812}.Debug|Any CPU.Build.0 = Debug|Any CPU
		{688F30C2-DC6A-4283-9C9A-6EE2B9624812}.Release|Any CPU.ActiveCfg = Release|Any CPU
		{688F30C2-DC6A-4283-9C9A-6EE2B9624812}.Release|Any CPU.Build.0 = Release|Any CPU
		{34A8FB84-F720-4382-80A3-1A92348D011E}.Debug|Any CPU.ActiveCfg = Debug|Any CPU
		{34A8FB84-F720-4382-80A3-1A92348D011E}.Debug|Any CPU.Build.0 = Debug|Any CPU
		{34A8FB84-F720-4382-80A3-1A92348D011E}.Release|Any CPU.ActiveCfg = Release|Any CPU
		{34A8FB84-F720-4382-80A3-1A92348D011E}.Release|Any CPU.Build.0 = Release|Any CPU
		{D852ED2A-F29C-4EE8-A998-F0FB2435FE01}.Debug|Any CPU.ActiveCfg = Debug|Any CPU
		{D852ED2A-F29C-4EE8-A998-F0FB2435FE01}.Debug|Any CPU.Build.0 = Debug|Any CPU
		{D852ED2A-F29C-4EE8-A998-F0FB2435FE01}.Release|Any CPU.ActiveCfg = Release|Any CPU
		{D852ED2A-F29C-4EE8-A998-F0FB2435FE01}.Release|Any CPU.Build.0 = Release|Any CPU
		{4166BD5E-4CA5-433E-A6A2-2313D28B943F}.Debug|Any CPU.ActiveCfg = Debug|Any CPU
		{4166BD5E-4CA5-433E-A6A2-2313D28B943F}.Debug|Any CPU.Build.0 = Debug|Any CPU
		{4166BD5E-4CA5-433E-A6A2-2313D28B943F}.Release|Any CPU.ActiveCfg = Release|Any CPU
		{4166BD5E-4CA5-433E-A6A2-2313D28B943F}.Release|Any CPU.Build.0 = Release|Any CPU
		{C61A8F73-0311-4598-887A-019ED0E52016}.Debug|Any CPU.ActiveCfg = Debug|Any CPU
		{C61A8F73-0311-4598-887A-019ED0E52016}.Debug|Any CPU.Build.0 = Debug|Any CPU
		{C61A8F73-0311-4598-887A-019ED0E52016}.Release|Any CPU.ActiveCfg = Release|Any CPU
		{C61A8F73-0311-4598-887A-019ED0E52016}.Release|Any CPU.Build.0 = Release|Any CPU
		{357E482A-2C4A-4133-940D-5944A6F1329F}.Debug|Any CPU.ActiveCfg = Debug|Any CPU
		{357E482A-2C4A-4133-940D-5944A6F1329F}.Debug|Any CPU.Build.0 = Debug|Any CPU
		{357E482A-2C4A-4133-940D-5944A6F1329F}.Release|Any CPU.ActiveCfg = Release|Any CPU
		{357E482A-2C4A-4133-940D-5944A6F1329F}.Release|Any CPU.Build.0 = Release|Any CPU
		{899E9DC5-F104-442A-8546-8B770537A07A}.Debug|Any CPU.ActiveCfg = Debug|Any CPU
		{899E9DC5-F104-442A-8546-8B770537A07A}.Debug|Any CPU.Build.0 = Debug|Any CPU
		{899E9DC5-F104-442A-8546-8B770537A07A}.Release|Any CPU.ActiveCfg = Release|Any CPU
		{899E9DC5-F104-442A-8546-8B770537A07A}.Release|Any CPU.Build.0 = Release|Any CPU
		{0DAF958F-61E4-45A0-9103-1808F0669B84}.Debug|Any CPU.ActiveCfg = Debug|Any CPU
		{0DAF958F-61E4-45A0-9103-1808F0669B84}.Debug|Any CPU.Build.0 = Debug|Any CPU
		{0DAF958F-61E4-45A0-9103-1808F0669B84}.Release|Any CPU.ActiveCfg = Release|Any CPU
		{0DAF958F-61E4-45A0-9103-1808F0669B84}.Release|Any CPU.Build.0 = Release|Any CPU
		{4A2E81A4-FA38-4B33-96BE-E91490BD2D8A}.Debug|Any CPU.ActiveCfg = Debug|Any CPU
		{4A2E81A4-FA38-4B33-96BE-E91490BD2D8A}.Debug|Any CPU.Build.0 = Debug|Any CPU
		{4A2E81A4-FA38-4B33-96BE-E91490BD2D8A}.Release|Any CPU.ActiveCfg = Release|Any CPU
		{4A2E81A4-FA38-4B33-96BE-E91490BD2D8A}.Release|Any CPU.Build.0 = Release|Any CPU
		{B14E3A03-3A66-4E90-833E-4245EC5EB5F4}.Debug|Any CPU.ActiveCfg = Debug|Any CPU
		{B14E3A03-3A66-4E90-833E-4245EC5EB5F4}.Debug|Any CPU.Build.0 = Debug|Any CPU
		{B14E3A03-3A66-4E90-833E-4245EC5EB5F4}.Release|Any CPU.ActiveCfg = Release|Any CPU
		{B14E3A03-3A66-4E90-833E-4245EC5EB5F4}.Release|Any CPU.Build.0 = Release|Any CPU
		{BD31E82A-341C-41CD-9186-09135D1A37A8}.Debug|Any CPU.ActiveCfg = Debug|Any CPU
		{BD31E82A-341C-41CD-9186-09135D1A37A8}.Debug|Any CPU.Build.0 = Debug|Any CPU
		{BD31E82A-341C-41CD-9186-09135D1A37A8}.Release|Any CPU.ActiveCfg = Release|Any CPU
		{BD31E82A-341C-41CD-9186-09135D1A37A8}.Release|Any CPU.Build.0 = Release|Any CPU
		{F1BB9B9C-05CA-46BF-902F-3069837FED32}.Debug|Any CPU.ActiveCfg = Debug|Any CPU
		{F1BB9B9C-05CA-46BF-902F-3069837FED32}.Debug|Any CPU.Build.0 = Debug|Any CPU
		{F1BB9B9C-05CA-46BF-902F-3069837FED32}.Release|Any CPU.ActiveCfg = Release|Any CPU
		{F1BB9B9C-05CA-46BF-902F-3069837FED32}.Release|Any CPU.Build.0 = Release|Any CPU
		{D39A00E9-A948-4759-B91B-0FC202179698}.Debug|Any CPU.ActiveCfg = Debug|Any CPU
		{D39A00E9-A948-4759-B91B-0FC202179698}.Debug|Any CPU.Build.0 = Debug|Any CPU
		{D39A00E9-A948-4759-B91B-0FC202179698}.Release|Any CPU.ActiveCfg = Release|Any CPU
		{D39A00E9-A948-4759-B91B-0FC202179698}.Release|Any CPU.Build.0 = Release|Any CPU
		{649F6FAD-579C-4E9A-BE0C-003550ED59E5}.Debug|Any CPU.ActiveCfg = Debug|Any CPU
		{649F6FAD-579C-4E9A-BE0C-003550ED59E5}.Debug|Any CPU.Build.0 = Debug|Any CPU
		{649F6FAD-579C-4E9A-BE0C-003550ED59E5}.Release|Any CPU.ActiveCfg = Release|Any CPU
		{649F6FAD-579C-4E9A-BE0C-003550ED59E5}.Release|Any CPU.Build.0 = Release|Any CPU
		{D4582752-E519-4D5C-9A2F-929B393AA456}.Debug|Any CPU.ActiveCfg = Debug|Any CPU
		{D4582752-E519-4D5C-9A2F-929B393AA456}.Debug|Any CPU.Build.0 = Debug|Any CPU
		{D4582752-E519-4D5C-9A2F-929B393AA456}.Release|Any CPU.ActiveCfg = Release|Any CPU
		{D4582752-E519-4D5C-9A2F-929B393AA456}.Release|Any CPU.Build.0 = Release|Any CPU
		{AB457C85-0A37-4CE4-90C8-7BF45C7201E5}.Debug|Any CPU.ActiveCfg = Debug|Any CPU
		{AB457C85-0A37-4CE4-90C8-7BF45C7201E5}.Debug|Any CPU.Build.0 = Debug|Any CPU
		{AB457C85-0A37-4CE4-90C8-7BF45C7201E5}.Release|Any CPU.ActiveCfg = Release|Any CPU
		{AB457C85-0A37-4CE4-90C8-7BF45C7201E5}.Release|Any CPU.Build.0 = Release|Any CPU
		{FE201FD4-8143-4459-9EFE-D8301A7474FE}.Debug|Any CPU.ActiveCfg = Debug|Any CPU
		{FE201FD4-8143-4459-9EFE-D8301A7474FE}.Debug|Any CPU.Build.0 = Debug|Any CPU
		{FE201FD4-8143-4459-9EFE-D8301A7474FE}.Release|Any CPU.ActiveCfg = Release|Any CPU
		{FE201FD4-8143-4459-9EFE-D8301A7474FE}.Release|Any CPU.Build.0 = Release|Any CPU
		{49451AD8-BEB8-47E9-B39B-65AEE9FBAF3B}.Debug|Any CPU.ActiveCfg = Debug|Any CPU
		{49451AD8-BEB8-47E9-B39B-65AEE9FBAF3B}.Debug|Any CPU.Build.0 = Debug|Any CPU
		{49451AD8-BEB8-47E9-B39B-65AEE9FBAF3B}.Release|Any CPU.ActiveCfg = Release|Any CPU
		{49451AD8-BEB8-47E9-B39B-65AEE9FBAF3B}.Release|Any CPU.Build.0 = Release|Any CPU
		{BFA84703-97C8-4E60-BE79-C1E667A0F55E}.Debug|Any CPU.ActiveCfg = Debug|Any CPU
		{BFA84703-97C8-4E60-BE79-C1E667A0F55E}.Debug|Any CPU.Build.0 = Debug|Any CPU
		{BFA84703-97C8-4E60-BE79-C1E667A0F55E}.Release|Any CPU.ActiveCfg = Release|Any CPU
		{BFA84703-97C8-4E60-BE79-C1E667A0F55E}.Release|Any CPU.Build.0 = Release|Any CPU
		{B20981CE-19F7-4FF1-BDCA-940FD9CB7083}.Debug|Any CPU.ActiveCfg = Debug|Any CPU
		{B20981CE-19F7-4FF1-BDCA-940FD9CB7083}.Debug|Any CPU.Build.0 = Debug|Any CPU
		{B20981CE-19F7-4FF1-BDCA-940FD9CB7083}.Release|Any CPU.ActiveCfg = Release|Any CPU
		{B20981CE-19F7-4FF1-BDCA-940FD9CB7083}.Release|Any CPU.Build.0 = Release|Any CPU
		{21714F14-34F5-4E99-84BC-3A6C47620961}.Debug|Any CPU.ActiveCfg = Debug|Any CPU
		{21714F14-34F5-4E99-84BC-3A6C47620961}.Debug|Any CPU.Build.0 = Debug|Any CPU
		{21714F14-34F5-4E99-84BC-3A6C47620961}.Release|Any CPU.ActiveCfg = Release|Any CPU
		{21714F14-34F5-4E99-84BC-3A6C47620961}.Release|Any CPU.Build.0 = Release|Any CPU
		{82064A44-AF09-48ED-AC5A-33BA3D9E0598}.Debug|Any CPU.ActiveCfg = Debug|Any CPU
		{82064A44-AF09-48ED-AC5A-33BA3D9E0598}.Debug|Any CPU.Build.0 = Debug|Any CPU
		{82064A44-AF09-48ED-AC5A-33BA3D9E0598}.Release|Any CPU.ActiveCfg = Release|Any CPU
		{82064A44-AF09-48ED-AC5A-33BA3D9E0598}.Release|Any CPU.Build.0 = Release|Any CPU
		{925ADC80-CC05-48D7-932E-3367321602E2}.Debug|Any CPU.ActiveCfg = Debug|Any CPU
		{925ADC80-CC05-48D7-932E-3367321602E2}.Debug|Any CPU.Build.0 = Debug|Any CPU
		{925ADC80-CC05-48D7-932E-3367321602E2}.Release|Any CPU.ActiveCfg = Release|Any CPU
		{925ADC80-CC05-48D7-932E-3367321602E2}.Release|Any CPU.Build.0 = Release|Any CPU
		{EC02A36D-6576-41B6-B70F-65725B2EA611}.Debug|Any CPU.ActiveCfg = Debug|Any CPU
		{EC02A36D-6576-41B6-B70F-65725B2EA611}.Debug|Any CPU.Build.0 = Debug|Any CPU
		{EC02A36D-6576-41B6-B70F-65725B2EA611}.Release|Any CPU.ActiveCfg = Release|Any CPU
		{EC02A36D-6576-41B6-B70F-65725B2EA611}.Release|Any CPU.Build.0 = Release|Any CPU
		{9C2D61D2-FE28-4AD0-97D6-D6AAE8F11E59}.Debug|Any CPU.ActiveCfg = Debug|Any CPU
		{9C2D61D2-FE28-4AD0-97D6-D6AAE8F11E59}.Debug|Any CPU.Build.0 = Debug|Any CPU
		{9C2D61D2-FE28-4AD0-97D6-D6AAE8F11E59}.Release|Any CPU.ActiveCfg = Release|Any CPU
		{9C2D61D2-FE28-4AD0-97D6-D6AAE8F11E59}.Release|Any CPU.Build.0 = Release|Any CPU
	EndGlobalSection
	GlobalSection(SolutionProperties) = preSolution
		HideSolutionNode = FALSE
	EndGlobalSection
	GlobalSection(ExtensibilityGlobals) = postSolution
		SolutionGuid = {ED80A085-3DC1-40E7-8F21-9BFC802C8ACE}
	EndGlobalSection
EndGlobal
